hash: ad0e95f30a576d52299d500f09932259af5383812cf9af06310c68bd30e5172e
updated: 2016-12-08T22:46:35.786993875-08:00
imports:
- name: github.com/inconshreveable/mousetrap
  version: 76626ae9c91c4f2a10f34cad8ce83ea42c93bb75
- name: github.com/jarcoal/httpmock
  version: 145b10d659265440f062c31ea15326166bae56ee
- name: github.com/mvdan/xurls
  version: de85a6f607af2e645cce05905efd9420e43b91f1
- name: github.com/spf13/cobra
  version: 9c28e4bbd74e5c3ed7aacbc552b2cab7cfdfe744
- name: github.com/spf13/pflag
  version: c7e63cf4530bcd3ba943729cee0efeff2ebea63f
- name: github.com/stretchr/testify
  version: 69483b4bd14f5845b5a1e55bca19e954e827f1d0
  subpackages:
  - assert
  - mock
  - require
- name: github.com/vektra/mockery
  version: 4db903efa8f6a978c8ccee3d4f23e947af878ca9
- name: golang.org/x/tools
  version: c060f04f93f57c44284360be78bb323077183645
  subpackages:
  - go/loader
testImports:
- name: github.com/davecgh/go-spew
  version: 6d212800a42e8ab5c146b8ace3490ee17e5225f9
  subpackages:
  - spew
- name: github.com/pmezard/go-difflib
  version: d8ed2627bdf02c080bf22230dbb337003b7aba2d
  subpackages:
  - difflib
- name: github.com/stretchr/objx
  version: cbeaeb16a013161a98496fad62933b1d21786672
